// !$*UTF8*$!
{
	archiveVersion = 1;
	classes = {
	};
	objectVersion = 46;
	objects = {

/* Begin PBXBuildFile section */
		01F6829D1BFE850F007F02DE /* GeocodeController.swift in Sources */ = {isa = PBXBuildFile; fileRef = 01F6829C1BFE850F007F02DE /* GeocodeController.swift */; };
		703DE8611C03CA02004B0064 /* AppIcon.png in Resources */ = {isa = PBXBuildFile; fileRef = 703DE8601C03CA02004B0064 /* AppIcon.png */; };
		846559381BFBC3D20039FCCD /* ProfileVC.swift in Sources */ = {isa = PBXBuildFile; fileRef = 846559371BFBC3D20039FCCD /* ProfileVC.swift */; };
		8465593A1BFBC4870039FCCD /* ProfileModel.swift in Sources */ = {isa = PBXBuildFile; fileRef = 846559391BFBC4870039FCCD /* ProfileModel.swift */; };
		8465593C1BFBC8AF0039FCCD /* RootProfileVC.swift in Sources */ = {isa = PBXBuildFile; fileRef = 8465593B1BFBC8AF0039FCCD /* RootProfileVC.swift */; };
		84942A4A1BFD16CD00F0CFF2 /* BottomContainerVC.swift in Sources */ = {isa = PBXBuildFile; fileRef = 84942A491BFD16CD00F0CFF2 /* BottomContainerVC.swift */; };
		84942A4C1BFD16F200F0CFF2 /* TopContainerVC.swift in Sources */ = {isa = PBXBuildFile; fileRef = 84942A4B1BFD16F200F0CFF2 /* TopContainerVC.swift */; };
		B6D5522B1BFBA542007D9C47 /* AppDelegate.swift in Sources */ = {isa = PBXBuildFile; fileRef = B6D5522A1BFBA542007D9C47 /* AppDelegate.swift */; };
		B6D5522D1BFBA542007D9C47 /* MapVC.swift in Sources */ = {isa = PBXBuildFile; fileRef = B6D5522C1BFBA542007D9C47 /* MapVC.swift */; };
		B6D552301BFBA542007D9C47 /* Main.storyboard in Resources */ = {isa = PBXBuildFile; fileRef = B6D5522E1BFBA542007D9C47 /* Main.storyboard */; };
		B6D552331BFBA542007D9C47 /* BMLTryCycle.xcdatamodeld in Sources */ = {isa = PBXBuildFile; fileRef = B6D552311BFBA542007D9C47 /* BMLTryCycle.xcdatamodeld */; };
		B6D552351BFBA542007D9C47 /* Assets.xcassets in Resources */ = {isa = PBXBuildFile; fileRef = B6D552341BFBA542007D9C47 /* Assets.xcassets */; };
		B6D552381BFBA542007D9C47 /* LaunchScreen.storyboard in Resources */ = {isa = PBXBuildFile; fileRef = B6D552361BFBA542007D9C47 /* LaunchScreen.storyboard */; };
		B6D552431BFBA543007D9C47 /* BMLTryCycleTests.swift in Sources */ = {isa = PBXBuildFile; fileRef = B6D552421BFBA543007D9C47 /* BMLTryCycleTests.swift */; };
		B6D5524E1BFBA543007D9C47 /* BMLTryCycleUITests.swift in Sources */ = {isa = PBXBuildFile; fileRef = B6D5524D1BFBA543007D9C47 /* BMLTryCycleUITests.swift */; };
		B6D5525C1BFBA5B6007D9C47 /* Constant.swift in Sources */ = {isa = PBXBuildFile; fileRef = B6D5525B1BFBA5B6007D9C47 /* Constant.swift */; };
		B6D5525E1BFBA855007D9C47 /* StationModel.swift in Sources */ = {isa = PBXBuildFile; fileRef = B6D5525D1BFBA855007D9C47 /* StationModel.swift */; };
		B6D552601BFBAA4B007D9C47 /* Annotations.swift in Sources */ = {isa = PBXBuildFile; fileRef = B6D5525F1BFBAA4B007D9C47 /* Annotations.swift */; };
		B6D552621BFBABA8007D9C47 /* MapKit.framework in Frameworks */ = {isa = PBXBuildFile; fileRef = B6D552611BFBABA8007D9C47 /* MapKit.framework */; };
/* End PBXBuildFile section */

/* Begin PBXContainerItemProxy section */
		B6D5523F1BFBA543007D9C47 /* PBXContainerItemProxy */ = {
			isa = PBXContainerItemProxy;
			containerPortal = B6D5521F1BFBA542007D9C47 /* Project object */;
			proxyType = 1;
			remoteGlobalIDString = B6D552261BFBA542007D9C47;
			remoteInfo = BMLTryCycle;
		};
		B6D5524A1BFBA543007D9C47 /* PBXContainerItemProxy */ = {
			isa = PBXContainerItemProxy;
			containerPortal = B6D5521F1BFBA542007D9C47 /* Project object */;
			proxyType = 1;
			remoteGlobalIDString = B6D552261BFBA542007D9C47;
			remoteInfo = BMLTryCycle;
		};
/* End PBXContainerItemProxy section */

/* Begin PBXFileReference section */
		01F6829C1BFE850F007F02DE /* GeocodeController.swift */ = {isa = PBXFileReference; fileEncoding = 4; lastKnownFileType = sourcecode.swift; path = GeocodeController.swift; sourceTree = "<group>"; };
		703DE8601C03CA02004B0064 /* AppIcon.png */ = {isa = PBXFileReference; lastKnownFileType = image.png; name = AppIcon.png; path = Assets.xcassets/AppIcon.png; sourceTree = "<group>"; };
		846559371BFBC3D20039FCCD /* ProfileVC.swift */ = {isa = PBXFileReference; fileEncoding = 4; lastKnownFileType = sourcecode.swift; path = ProfileVC.swift; sourceTree = "<group>"; };
		846559391BFBC4870039FCCD /* ProfileModel.swift */ = {isa = PBXFileReference; fileEncoding = 4; lastKnownFileType = sourcecode.swift; path = ProfileModel.swift; sourceTree = "<group>"; };
		8465593B1BFBC8AF0039FCCD /* RootProfileVC.swift */ = {isa = PBXFileReference; fileEncoding = 4; lastKnownFileType = sourcecode.swift; path = RootProfileVC.swift; sourceTree = "<group>"; };
		84942A491BFD16CD00F0CFF2 /* BottomContainerVC.swift */ = {isa = PBXFileReference; fileEncoding = 4; lastKnownFileType = sourcecode.swift; path = BottomContainerVC.swift; sourceTree = "<group>"; };
		84942A4B1BFD16F200F0CFF2 /* TopContainerVC.swift */ = {isa = PBXFileReference; fileEncoding = 4; lastKnownFileType = sourcecode.swift; path = TopContainerVC.swift; sourceTree = "<group>"; };
		B6D552271BFBA542007D9C47 /* BMLTryCycle.app */ = {isa = PBXFileReference; explicitFileType = wrapper.application; includeInIndex = 0; path = BMLTryCycle.app; sourceTree = BUILT_PRODUCTS_DIR; };
		B6D5522A1BFBA542007D9C47 /* AppDelegate.swift */ = {isa = PBXFileReference; lastKnownFileType = sourcecode.swift; path = AppDelegate.swift; sourceTree = "<group>"; };
		B6D5522C1BFBA542007D9C47 /* MapVC.swift */ = {isa = PBXFileReference; lastKnownFileType = sourcecode.swift; path = MapVC.swift; sourceTree = "<group>"; };
		B6D5522F1BFBA542007D9C47 /* Base */ = {isa = PBXFileReference; lastKnownFileType = file.storyboard; name = Base; path = Base.lproj/Main.storyboard; sourceTree = "<group>"; };
		B6D552321BFBA542007D9C47 /* BMLTryCycle.xcdatamodel */ = {isa = PBXFileReference; lastKnownFileType = wrapper.xcdatamodel; path = BMLTryCycle.xcdatamodel; sourceTree = "<group>"; };
		B6D552341BFBA542007D9C47 /* Assets.xcassets */ = {isa = PBXFileReference; lastKnownFileType = folder.assetcatalog; path = Assets.xcassets; sourceTree = "<group>"; };
		B6D552371BFBA542007D9C47 /* Base */ = {isa = PBXFileReference; lastKnownFileType = file.storyboard; name = Base; path = Base.lproj/LaunchScreen.storyboard; sourceTree = "<group>"; };
		B6D552391BFBA542007D9C47 /* Info.plist */ = {isa = PBXFileReference; lastKnownFileType = text.plist.xml; path = Info.plist; sourceTree = "<group>"; };
		B6D5523E1BFBA543007D9C47 /* BMLTryCycleTests.xctest */ = {isa = PBXFileReference; explicitFileType = wrapper.cfbundle; includeInIndex = 0; path = BMLTryCycleTests.xctest; sourceTree = BUILT_PRODUCTS_DIR; };
		B6D552421BFBA543007D9C47 /* BMLTryCycleTests.swift */ = {isa = PBXFileReference; lastKnownFileType = sourcecode.swift; path = BMLTryCycleTests.swift; sourceTree = "<group>"; };
		B6D552441BFBA543007D9C47 /* Info.plist */ = {isa = PBXFileReference; lastKnownFileType = text.plist.xml; path = Info.plist; sourceTree = "<group>"; };
		B6D552491BFBA543007D9C47 /* BMLTryCycleUITests.xctest */ = {isa = PBXFileReference; explicitFileType = wrapper.cfbundle; includeInIndex = 0; path = BMLTryCycleUITests.xctest; sourceTree = BUILT_PRODUCTS_DIR; };
		B6D5524D1BFBA543007D9C47 /* BMLTryCycleUITests.swift */ = {isa = PBXFileReference; lastKnownFileType = sourcecode.swift; path = BMLTryCycleUITests.swift; sourceTree = "<group>"; };
		B6D5524F1BFBA543007D9C47 /* Info.plist */ = {isa = PBXFileReference; lastKnownFileType = text.plist.xml; path = Info.plist; sourceTree = "<group>"; };
		B6D5525B1BFBA5B6007D9C47 /* Constant.swift */ = {isa = PBXFileReference; fileEncoding = 4; lastKnownFileType = sourcecode.swift; path = Constant.swift; sourceTree = "<group>"; };
		B6D5525D1BFBA855007D9C47 /* StationModel.swift */ = {isa = PBXFileReference; fileEncoding = 4; lastKnownFileType = sourcecode.swift; path = StationModel.swift; sourceTree = "<group>"; };
		B6D5525F1BFBAA4B007D9C47 /* Annotations.swift */ = {isa = PBXFileReference; fileEncoding = 4; lastKnownFileType = sourcecode.swift; path = Annotations.swift; sourceTree = "<group>"; };
		B6D552611BFBABA8007D9C47 /* MapKit.framework */ = {isa = PBXFileReference; lastKnownFileType = wrapper.framework; name = MapKit.framework; path = System/Library/Frameworks/MapKit.framework; sourceTree = SDKROOT; };
/* End PBXFileReference section */

/* Begin PBXFrameworksBuildPhase section */
		B6D552241BFBA542007D9C47 /* Frameworks */ = {
			isa = PBXFrameworksBuildPhase;
			buildActionMask = 2147483647;
			files = (
				B6D552621BFBABA8007D9C47 /* MapKit.framework in Frameworks */,
			);
			runOnlyForDeploymentPostprocessing = 0;
		};
		B6D5523B1BFBA543007D9C47 /* Frameworks */ = {
			isa = PBXFrameworksBuildPhase;
			buildActionMask = 2147483647;
			files = (
			);
			runOnlyForDeploymentPostprocessing = 0;
		};
		B6D552461BFBA543007D9C47 /* Frameworks */ = {
			isa = PBXFrameworksBuildPhase;
			buildActionMask = 2147483647;
			files = (
			);
			runOnlyForDeploymentPostprocessing = 0;
		};
/* End PBXFrameworksBuildPhase section */

/* Begin PBXGroup section */
		01F682991BFE8014007F02DE /* Controllers */ = {
			isa = PBXGroup;
			children = (
				01F6829C1BFE850F007F02DE /* GeocodeController.swift */,
			);
			name = Controllers;
			sourceTree = "<group>";
		};
		846559311BFBC0AD0039FCCD /* Models */ = {
			isa = PBXGroup;
			children = (
				B6D5525D1BFBA855007D9C47 /* StationModel.swift */,
				B6D5525F1BFBAA4B007D9C47 /* Annotations.swift */,
				846559391BFBC4870039FCCD /* ProfileModel.swift */,
			);
			name = Models;
			sourceTree = "<group>";
		};
		846559321BFBC0D90039FCCD /* ModelControllers */ = {
			isa = PBXGroup;
			children = (
			);
			name = ModelControllers;
			sourceTree = "<group>";
		};
		846559331BFBC0E10039FCCD /* Views */ = {
			isa = PBXGroup;
			children = (
			);
			name = Views;
			sourceTree = "<group>";
		};
		846559341BFBC0E90039FCCD /* Resources */ = {
			isa = PBXGroup;
			children = (
				B6D552341BFBA542007D9C47 /* Assets.xcassets */,
				703DE8601C03CA02004B0064 /* AppIcon.png */,
				B6D552311BFBA542007D9C47 /* BMLTryCycle.xcdatamodeld */,
				B6D552391BFBA542007D9C47 /* Info.plist */,
			);
			name = Resources;
			sourceTree = "<group>";
		};
		846559351BFBC0FA0039FCCD /* Storyboards */ = {
			isa = PBXGroup;
			children = (
				B6D5522E1BFBA542007D9C47 /* Main.storyboard */,
				B6D552361BFBA542007D9C47 /* LaunchScreen.storyboard */,
			);
			name = Storyboards;
			sourceTree = "<group>";
		};
		846559361BFBC1200039FCCD /* ViewContorllers */ = {
			isa = PBXGroup;
			children = (
				B6D5522C1BFBA542007D9C47 /* MapVC.swift */,
				846559371BFBC3D20039FCCD /* ProfileVC.swift */,
				8465593B1BFBC8AF0039FCCD /* RootProfileVC.swift */,
				84942A491BFD16CD00F0CFF2 /* BottomContainerVC.swift */,
				84942A4B1BFD16F200F0CFF2 /* TopContainerVC.swift */,
			);
			name = ViewContorllers;
			sourceTree = "<group>";
		};
		B6D5521E1BFBA542007D9C47 = {
			isa = PBXGroup;
			children = (
				B6D552611BFBABA8007D9C47 /* MapKit.framework */,
				B6D552291BFBA542007D9C47 /* BMLTryCycle */,
				B6D552411BFBA543007D9C47 /* BMLTryCycleTests */,
				B6D5524C1BFBA543007D9C47 /* BMLTryCycleUITests */,
				B6D552281BFBA542007D9C47 /* Products */,
			);
			sourceTree = "<group>";
		};
		B6D552281BFBA542007D9C47 /* Products */ = {
			isa = PBXGroup;
			children = (
				B6D552271BFBA542007D9C47 /* BMLTryCycle.app */,
				B6D5523E1BFBA543007D9C47 /* BMLTryCycleTests.xctest */,
				B6D552491BFBA543007D9C47 /* BMLTryCycleUITests.xctest */,
			);
			name = Products;
			sourceTree = "<group>";
		};
		B6D552291BFBA542007D9C47 /* BMLTryCycle */ = {
			isa = PBXGroup;
			children = (
				B6D5522A1BFBA542007D9C47 /* AppDelegate.swift */,
				B6D5525B1BFBA5B6007D9C47 /* Constant.swift */,
				846559311BFBC0AD0039FCCD /* Models */,
				846559321BFBC0D90039FCCD /* ModelControllers */,
				846559331BFBC0E10039FCCD /* Views */,
				846559361BFBC1200039FCCD /* ViewContorllers */,
				846559351BFBC0FA0039FCCD /* Storyboards */,
				01F682991BFE8014007F02DE /* Controllers */,
				846559341BFBC0E90039FCCD /* Resources */,
			);
			path = BMLTryCycle;
			sourceTree = "<group>";
		};
		B6D552411BFBA543007D9C47 /* BMLTryCycleTests */ = {
			isa = PBXGroup;
			children = (
				B6D552421BFBA543007D9C47 /* BMLTryCycleTests.swift */,
				B6D552441BFBA543007D9C47 /* Info.plist */,
			);
			path = BMLTryCycleTests;
			sourceTree = "<group>";
		};
		B6D5524C1BFBA543007D9C47 /* BMLTryCycleUITests */ = {
			isa = PBXGroup;
			children = (
				B6D5524D1BFBA543007D9C47 /* BMLTryCycleUITests.swift */,
				B6D5524F1BFBA543007D9C47 /* Info.plist */,
			);
			path = BMLTryCycleUITests;
			sourceTree = "<group>";
		};
/* End PBXGroup section */

/* Begin PBXNativeTarget section */
		B6D552261BFBA542007D9C47 /* BMLTryCycle */ = {
			isa = PBXNativeTarget;
			buildConfigurationList = B6D552521BFBA543007D9C47 /* Build configuration list for PBXNativeTarget "BMLTryCycle" */;
			buildPhases = (
				B6D552231BFBA542007D9C47 /* Sources */,
				B6D552241BFBA542007D9C47 /* Frameworks */,
				B6D552251BFBA542007D9C47 /* Resources */,
			);
			buildRules = (
			);
			dependencies = (
			);
			name = BMLTryCycle;
			productName = BMLTryCycle;
			productReference = B6D552271BFBA542007D9C47 /* BMLTryCycle.app */;
			productType = "com.apple.product-type.application";
		};
		B6D5523D1BFBA543007D9C47 /* BMLTryCycleTests */ = {
			isa = PBXNativeTarget;
			buildConfigurationList = B6D552551BFBA543007D9C47 /* Build configuration list for PBXNativeTarget "BMLTryCycleTests" */;
			buildPhases = (
				B6D5523A1BFBA543007D9C47 /* Sources */,
				B6D5523B1BFBA543007D9C47 /* Frameworks */,
				B6D5523C1BFBA543007D9C47 /* Resources */,
			);
			buildRules = (
			);
			dependencies = (
				B6D552401BFBA543007D9C47 /* PBXTargetDependency */,
			);
			name = BMLTryCycleTests;
			productName = BMLTryCycleTests;
			productReference = B6D5523E1BFBA543007D9C47 /* BMLTryCycleTests.xctest */;
			productType = "com.apple.product-type.bundle.unit-test";
		};
		B6D552481BFBA543007D9C47 /* BMLTryCycleUITests */ = {
			isa = PBXNativeTarget;
			buildConfigurationList = B6D552581BFBA543007D9C47 /* Build configuration list for PBXNativeTarget "BMLTryCycleUITests" */;
			buildPhases = (
				B6D552451BFBA543007D9C47 /* Sources */,
				B6D552461BFBA543007D9C47 /* Frameworks */,
				B6D552471BFBA543007D9C47 /* Resources */,
			);
			buildRules = (
			);
			dependencies = (
				B6D5524B1BFBA543007D9C47 /* PBXTargetDependency */,
			);
			name = BMLTryCycleUITests;
			productName = BMLTryCycleUITests;
			productReference = B6D552491BFBA543007D9C47 /* BMLTryCycleUITests.xctest */;
			productType = "com.apple.product-type.bundle.ui-testing";
		};
/* End PBXNativeTarget section */

/* Begin PBXProject section */
		B6D5521F1BFBA542007D9C47 /* Project object */ = {
			isa = PBXProject;
			attributes = {
				LastUpgradeCheck = 0700;
				ORGANIZATIONNAME = "Mustafa Al-Hayali";
				TargetAttributes = {
					B6D552261BFBA542007D9C47 = {
						CreatedOnToolsVersion = 7.0;
						DevelopmentTeam = J46XWR2479;
						SystemCapabilities = {
							com.apple.Maps.iOS = {
								enabled = 1;
							};
						};
					};
					B6D5523D1BFBA543007D9C47 = {
						CreatedOnToolsVersion = 7.0;
						DevelopmentTeam = J46XWR2479;
						TestTargetID = B6D552261BFBA542007D9C47;
					};
					B6D552481BFBA543007D9C47 = {
						CreatedOnToolsVersion = 7.0;
						DevelopmentTeam = J46XWR2479;
						TestTargetID = B6D552261BFBA542007D9C47;
					};
				};
			};
			buildConfigurationList = B6D552221BFBA542007D9C47 /* Build configuration list for PBXProject "BMLTryCycle" */;
			compatibilityVersion = "Xcode 3.2";
			developmentRegion = English;
			hasScannedForEncodings = 0;
			knownRegions = (
				en,
				Base,
			);
			mainGroup = B6D5521E1BFBA542007D9C47;
			productRefGroup = B6D552281BFBA542007D9C47 /* Products */;
			projectDirPath = "";
			projectRoot = "";
			targets = (
				B6D552261BFBA542007D9C47 /* BMLTryCycle */,
				B6D5523D1BFBA543007D9C47 /* BMLTryCycleTests */,
				B6D552481BFBA543007D9C47 /* BMLTryCycleUITests */,
			);
		};
/* End PBXProject section */

/* Begin PBXResourcesBuildPhase section */
		B6D552251BFBA542007D9C47 /* Resources */ = {
			isa = PBXResourcesBuildPhase;
			buildActionMask = 2147483647;
			files = (
				703DE8611C03CA02004B0064 /* AppIcon.png in Resources */,
				B6D552381BFBA542007D9C47 /* LaunchScreen.storyboard in Resources */,
				B6D552351BFBA542007D9C47 /* Assets.xcassets in Resources */,
				B6D552301BFBA542007D9C47 /* Main.storyboard in Resources */,
			);
			runOnlyForDeploymentPostprocessing = 0;
		};
		B6D5523C1BFBA543007D9C47 /* Resources */ = {
			isa = PBXResourcesBuildPhase;
			buildActionMask = 2147483647;
			files = (
			);
			runOnlyForDeploymentPostprocessing = 0;
		};
		B6D552471BFBA543007D9C47 /* Resources */ = {
			isa = PBXResourcesBuildPhase;
			buildActionMask = 2147483647;
			files = (
			);
			runOnlyForDeploymentPostprocessing = 0;
		};
/* End PBXResourcesBuildPhase section */

/* Begin PBXSourcesBuildPhase section */
		B6D552231BFBA542007D9C47 /* Sources */ = {
			isa = PBXSourcesBuildPhase;
			buildActionMask = 2147483647;
			files = (
				B6D5522D1BFBA542007D9C47 /* MapVC.swift in Sources */,
				B6D552331BFBA542007D9C47 /* BMLTryCycle.xcdatamodeld in Sources */,
				B6D552601BFBAA4B007D9C47 /* Annotations.swift in Sources */,
				84942A4A1BFD16CD00F0CFF2 /* BottomContainerVC.swift in Sources */,
				B6D5525E1BFBA855007D9C47 /* StationModel.swift in Sources */,
				B6D5522B1BFBA542007D9C47 /* AppDelegate.swift in Sources */,
				8465593C1BFBC8AF0039FCCD /* RootProfileVC.swift in Sources */,
				84942A4C1BFD16F200F0CFF2 /* TopContainerVC.swift in Sources */,
				01F6829D1BFE850F007F02DE /* GeocodeController.swift in Sources */,
				B6D5525C1BFBA5B6007D9C47 /* Constant.swift in Sources */,
				846559381BFBC3D20039FCCD /* ProfileVC.swift in Sources */,
				8465593A1BFBC4870039FCCD /* ProfileModel.swift in Sources */,
			);
			runOnlyForDeploymentPostprocessing = 0;
		};
		B6D5523A1BFBA543007D9C47 /* Sources */ = {
			isa = PBXSourcesBuildPhase;
			buildActionMask = 2147483647;
			files = (
				B6D552431BFBA543007D9C47 /* BMLTryCycleTests.swift in Sources */,
			);
			runOnlyForDeploymentPostprocessing = 0;
		};
		B6D552451BFBA543007D9C47 /* Sources */ = {
			isa = PBXSourcesBuildPhase;
			buildActionMask = 2147483647;
			files = (
				B6D5524E1BFBA543007D9C47 /* BMLTryCycleUITests.swift in Sources */,
			);
			runOnlyForDeploymentPostprocessing = 0;
		};
/* End PBXSourcesBuildPhase section */

/* Begin PBXTargetDependency section */
		B6D552401BFBA543007D9C47 /* PBXTargetDependency */ = {
			isa = PBXTargetDependency;
			target = B6D552261BFBA542007D9C47 /* BMLTryCycle */;
			targetProxy = B6D5523F1BFBA543007D9C47 /* PBXContainerItemProxy */;
		};
		B6D5524B1BFBA543007D9C47 /* PBXTargetDependency */ = {
			isa = PBXTargetDependency;
			target = B6D552261BFBA542007D9C47 /* BMLTryCycle */;
			targetProxy = B6D5524A1BFBA543007D9C47 /* PBXContainerItemProxy */;
		};
/* End PBXTargetDependency section */

/* Begin PBXVariantGroup section */
		B6D5522E1BFBA542007D9C47 /* Main.storyboard */ = {
			isa = PBXVariantGroup;
			children = (
				B6D5522F1BFBA542007D9C47 /* Base */,
			);
			name = Main.storyboard;
			sourceTree = "<group>";
		};
		B6D552361BFBA542007D9C47 /* LaunchScreen.storyboard */ = {
			isa = PBXVariantGroup;
			children = (
				B6D552371BFBA542007D9C47 /* Base */,
			);
			name = LaunchScreen.storyboard;
			sourceTree = "<group>";
		};
/* End PBXVariantGroup section */

/* Begin XCBuildConfiguration section */
		B6D552501BFBA543007D9C47 /* Debug */ = {
			isa = XCBuildConfiguration;
			buildSettings = {
				ALWAYS_SEARCH_USER_PATHS = NO;
				CLANG_CXX_LANGUAGE_STANDARD = "gnu++0x";
				CLANG_CXX_LIBRARY = "libc++";
				CLANG_ENABLE_MODULES = YES;
				CLANG_ENABLE_OBJC_ARC = YES;
				CLANG_WARN_BOOL_CONVERSION = YES;
				CLANG_WARN_CONSTANT_CONVERSION = YES;
				CLANG_WARN_DIRECT_OBJC_ISA_USAGE = YES_ERROR;
				CLANG_WARN_EMPTY_BODY = YES;
				CLANG_WARN_ENUM_CONVERSION = YES;
				CLANG_WARN_INT_CONVERSION = YES;
				CLANG_WARN_OBJC_ROOT_CLASS = YES_ERROR;
				CLANG_WARN_UNREACHABLE_CODE = YES;
				CLANG_WARN__DUPLICATE_METHOD_MATCH = YES;
				"CODE_SIGN_IDENTITY[sdk=iphoneos*]" = "iPhone Developer";
				COPY_PHASE_STRIP = NO;
				DEBUG_INFORMATION_FORMAT = dwarf;
				ENABLE_STRICT_OBJC_MSGSEND = YES;
				ENABLE_TESTABILITY = YES;
				GCC_C_LANGUAGE_STANDARD = gnu99;
				GCC_DYNAMIC_NO_PIC = NO;
				GCC_NO_COMMON_BLOCKS = YES;
				GCC_OPTIMIZATION_LEVEL = 0;
				GCC_PREPROCESSOR_DEFINITIONS = (
					"DEBUG=1",
					"$(inherited)",
				);
				GCC_WARN_64_TO_32_BIT_CONVERSION = YES;
				GCC_WARN_ABOUT_RETURN_TYPE = YES_ERROR;
				GCC_WARN_UNDECLARED_SELECTOR = YES;
				GCC_WARN_UNINITIALIZED_AUTOS = YES_AGGRESSIVE;
				GCC_WARN_UNUSED_FUNCTION = YES;
				GCC_WARN_UNUSED_VARIABLE = YES;
				IPHONEOS_DEPLOYMENT_TARGET = 9.0;
				MTL_ENABLE_DEBUG_INFO = YES;
				ONLY_ACTIVE_ARCH = YES;
				SDKROOT = iphoneos;
				SWIFT_OPTIMIZATION_LEVEL = "-Onone";
				TARGETED_DEVICE_FAMILY = "1,2";
			};
			name = Debug;
		};
		B6D552511BFBA543007D9C47 /* Release */ = {
			isa = XCBuildConfiguration;
			buildSettings = {
				ALWAYS_SEARCH_USER_PATHS = NO;
				CLANG_CXX_LANGUAGE_STANDARD = "gnu++0x";
				CLANG_CXX_LIBRARY = "libc++";
				CLANG_ENABLE_MODULES = YES;
				CLANG_ENABLE_OBJC_ARC = YES;
				CLANG_WARN_BOOL_CONVERSION = YES;
				CLANG_WARN_CONSTANT_CONVERSION = YES;
				CLANG_WARN_DIRECT_OBJC_ISA_USAGE = YES_ERROR;
				CLANG_WARN_EMPTY_BODY = YES;
				CLANG_WARN_ENUM_CONVERSION = YES;
				CLANG_WARN_INT_CONVERSION = YES;
				CLANG_WARN_OBJC_ROOT_CLASS = YES_ERROR;
				CLANG_WARN_UNREACHABLE_CODE = YES;
				CLANG_WARN__DUPLICATE_METHOD_MATCH = YES;
				"CODE_SIGN_IDENTITY[sdk=iphoneos*]" = "iPhone Developer";
				COPY_PHASE_STRIP = NO;
				DEBUG_INFORMATION_FORMAT = "dwarf-with-dsym";
				ENABLE_NS_ASSERTIONS = NO;
				ENABLE_STRICT_OBJC_MSGSEND = YES;
				GCC_C_LANGUAGE_STANDARD = gnu99;
				GCC_NO_COMMON_BLOCKS = YES;
				GCC_WARN_64_TO_32_BIT_CONVERSION = YES;
				GCC_WARN_ABOUT_RETURN_TYPE = YES_ERROR;
				GCC_WARN_UNDECLARED_SELECTOR = YES;
				GCC_WARN_UNINITIALIZED_AUTOS = YES_AGGRESSIVE;
				GCC_WARN_UNUSED_FUNCTION = YES;
				GCC_WARN_UNUSED_VARIABLE = YES;
				IPHONEOS_DEPLOYMENT_TARGET = 9.0;
				MTL_ENABLE_DEBUG_INFO = NO;
				SDKROOT = iphoneos;
				TARGETED_DEVICE_FAMILY = "1,2";
				VALIDATE_PRODUCT = YES;
			};
			name = Release;
		};
		B6D552531BFBA543007D9C47 /* Debug */ = {
			isa = XCBuildConfiguration;
			buildSettings = {
				ASSETCATALOG_COMPILER_APPICON_NAME = AppIcon;
				INFOPLIST_FILE = BMLTryCycle/Info.plist;
				LD_RUNPATH_SEARCH_PATHS = "$(inherited) @executable_path/Frameworks";
				PRODUCT_BUNDLE_IDENTIFIER = com.test.BMLTryCycle;
				PRODUCT_NAME = "$(TARGET_NAME)";
			};
			name = Debug;
		};
		B6D552541BFBA543007D9C47 /* Release */ = {
			isa = XCBuildConfiguration;
			buildSettings = {
				ASSETCATALOG_COMPILER_APPICON_NAME = AppIcon;
				INFOPLIST_FILE = BMLTryCycle/Info.plist;
				LD_RUNPATH_SEARCH_PATHS = "$(inherited) @executable_path/Frameworks";
				PRODUCT_BUNDLE_IDENTIFIER = com.test.BMLTryCycle;
				PRODUCT_NAME = "$(TARGET_NAME)";
			};
			name = Release;
		};
		B6D552561BFBA543007D9C47 /* Debug */ = {
			isa = XCBuildConfiguration;
			buildSettings = {
				BUNDLE_LOADER = "$(TEST_HOST)";
				INFOPLIST_FILE = BMLTryCycleTests/Info.plist;
				LD_RUNPATH_SEARCH_PATHS = "$(inherited) @executable_path/Frameworks @loader_path/Frameworks";
				PRODUCT_BUNDLE_IDENTIFIER = com.test.BMLTryCycleTests;
				PRODUCT_NAME = "$(TARGET_NAME)";
				TEST_HOST = "$(BUILT_PRODUCTS_DIR)/BMLTryCycle.app/BMLTryCycle";
			};
			name = Debug;
		};
		B6D552571BFBA543007D9C47 /* Release */ = {
			isa = XCBuildConfiguration;
			buildSettings = {
				BUNDLE_LOADER = "$(TEST_HOST)";
				INFOPLIST_FILE = BMLTryCycleTests/Info.plist;
				LD_RUNPATH_SEARCH_PATHS = "$(inherited) @executable_path/Frameworks @loader_path/Frameworks";
				PRODUCT_BUNDLE_IDENTIFIER = com.test.BMLTryCycleTests;
				PRODUCT_NAME = "$(TARGET_NAME)";
				TEST_HOST = "$(BUILT_PRODUCTS_DIR)/BMLTryCycle.app/BMLTryCycle";
			};
			name = Release;
		};
		B6D552591BFBA543007D9C47 /* Debug */ = {
			isa = XCBuildConfiguration;
			buildSettings = {
				INFOPLIST_FILE = BMLTryCycleUITests/Info.plist;
				LD_RUNPATH_SEARCH_PATHS = "$(inherited) @executable_path/Frameworks @loader_path/Frameworks";
				PRODUCT_BUNDLE_IDENTIFIER = com.test.BMLTryCycleUITests;
				PRODUCT_NAME = "$(TARGET_NAME)";
				TEST_TARGET_NAME = BMLTryCycle;
				USES_XCTRUNNER = YES;
			};
			name = Debug;
		};
		B6D5525A1BFBA543007D9C47 /* Release */ = {
			isa = XCBuildConfiguration;
			buildSettings = {
				INFOPLIST_FILE = BMLTryCycleUITests/Info.plist;
				LD_RUNPATH_SEARCH_PATHS = "$(inherited) @executable_path/Frameworks @loader_path/Frameworks";
				PRODUCT_BUNDLE_IDENTIFIER = com.test.BMLTryCycleUITests;
				PRODUCT_NAME = "$(TARGET_NAME)";
				TEST_TARGET_NAME = BMLTryCycle;
				USES_XCTRUNNER = YES;
			};
			name = Release;
		};
/* End XCBuildConfiguration section */

/* Begin XCConfigurationList section */
		B6D552221BFBA542007D9C47 /* Build configuration list for PBXProject "BMLTryCycle" */ = {
			isa = XCConfigurationList;
			buildConfigurations = (
				B6D552501BFBA543007D9C47 /* Debug */,
				B6D552511BFBA543007D9C47 /* Release */,
			);
			defaultConfigurationIsVisible = 0;
			defaultConfigurationName = Release;
		};
		B6D552521BFBA543007D9C47 /* Build configuration list for PBXNativeTarget "BMLTryCycle" */ = {
			isa = XCConfigurationList;
			buildConfigurations = (
				B6D552531BFBA543007D9C47 /* Debug */,
				B6D552541BFBA543007D9C47 /* Release */,
			);
			defaultConfigurationIsVisible = 0;
			defaultConfigurationName = Release;
		};
		B6D552551BFBA543007D9C47 /* Build configuration list for PBXNativeTarget "BMLTryCycleTests" */ = {
			isa = XCConfigurationList;
			buildConfigurations = (
				B6D552561BFBA543007D9C47 /* Debug */,
				B6D552571BFBA543007D9C47 /* Release */,
			);
			defaultConfigurationIsVisible = 0;
			defaultConfigurationName = Release;
		};
		B6D552581BFBA543007D9C47 /* Build configuration list for PBXNativeTarget "BMLTryCycleUITests" */ = {
			isa = XCConfigurationList;
			buildConfigurations = (
				B6D552591BFBA543007D9C47 /* Debug */,
				B6D5525A1BFBA543007D9C47 /* Release */,
			);
			defaultConfigurationIsVisible = 0;
			defaultConfigurationName = Release;
		};
/* End XCConfigurationList section */

/* Begin XCVersionGroup section */
		B6D552311BFBA542007D9C47 /* BMLTryCycle.xcdatamodeld */ = {
			isa = XCVersionGroup;
			children = (
				B6D552321BFBA542007D9C47 /* BMLTryCycle.xcdatamodel */,
			);
			currentVersion = B6D552321BFBA542007D9C47 /* BMLTryCycle.xcdatamodel */;
			path = BMLTryCycle.xcdatamodeld;
			sourceTree = "<group>";
			versionGroupType = wrapper.xcdatamodel;
		};
/* End XCVersionGroup section */
	};
	rootObject = B6D5521F1BFBA542007D9C47 /* Project object */;
}
